
Microsoft Visual Studio Solution File, Format Version 12.00
# Visual Studio 15
VisualStudioVersion = 15.0.28307.271
MinimumVisualStudioVersion = 10.0.40219.1
Project("{FAE04EC0-301F-11D3-BF4B-00C04F79EFBC}") = "UniversalSplitScreen", "UniversalSplitScreen\UniversalSplitScreen.csproj", "{9E383F40-1C96-4371-BBB5-08F58F210D96}"
EndProject
Project("{2150E333-8FDC-42A3-9474-1A3956D46DE8}") = "Solution Items", "Solution Items", "{2A1C1CD9-7E6F-495D-AF1C-5189FC7880C4}"
	ProjectSection(SolutionItems) = preProject
		.editorconfig = .editorconfig
	EndProjectSection
EndProject
Project("{8BC9CEB8-8B4A-11D0-8D11-00A0C91BC942}") = "HooksCPP", "HooksCPP\HooksCPP.vcxproj", "{6F47C175-654D-4FB2-9993-9CF3DB216C33}"
EndProject
Project("{FAE04EC0-301F-11D3-BF4B-00C04F79EFBC}") = "InjectorLoader", "InjectorLoader\InjectorLoader.csproj", "{80E9ABB4-2983-4B92-BCA4-FC6B646D0608}"
EndProject
Project("{8BC9CEB8-8B4A-11D0-8D11-00A0C91BC942}") = "SourceEngineUnlocker", "SourceEngineUnlocker\SourceEngineUnlocker.vcxproj", "{7FE021D3-47E9-42CD-9BC5-B99DF3593214}"
EndProject
Global
	GlobalSection(SolutionConfigurationPlatforms) = preSolution
		Debug|Any CPU = Debug|Any CPU
		Debug|x64 = Debug|x64
		Debug|x86 = Debug|x86
		Release|Any CPU = Release|Any CPU
		Release|x64 = Release|x64
		Release|x86 = Release|x86
	EndGlobalSection
	GlobalSection(ProjectConfigurationPlatforms) = postSolution
		{9E383F40-1C96-4371-BBB5-08F58F210D96}.Debug|Any CPU.ActiveCfg = Debug|Any CPU
		{9E383F40-1C96-4371-BBB5-08F58F210D96}.Debug|Any CPU.Build.0 = Debug|Any CPU
		{9E383F40-1C96-4371-BBB5-08F58F210D96}.Debug|x64.ActiveCfg = Debug|x64
		{9E383F40-1C96-4371-BBB5-08F58F210D96}.Debug|x64.Build.0 = Debug|x64
		{9E383F40-1C96-4371-BBB5-08F58F210D96}.Debug|x86.ActiveCfg = Debug|x86
		{9E383F40-1C96-4371-BBB5-08F58F210D96}.Debug|x86.Build.0 = Debug|x86
		{9E383F40-1C96-4371-BBB5-08F58F210D96}.Release|Any CPU.ActiveCfg = Release|Any CPU
		{9E383F40-1C96-4371-BBB5-08F58F210D96}.Release|Any CPU.Build.0 = Release|Any CPU
		{9E383F40-1C96-4371-BBB5-08F58F210D96}.Release|x64.ActiveCfg = Release|x64
		{9E383F40-1C96-4371-BBB5-08F58F210D96}.Release|x64.Build.0 = Release|x64
		{9E383F40-1C96-4371-BBB5-08F58F210D96}.Release|x86.ActiveCfg = Release|x86
		{9E383F40-1C96-4371-BBB5-08F58F210D96}.Release|x86.Build.0 = Release|x86
		{6F47C175-654D-4FB2-9993-9CF3DB216C33}.Debug|Any CPU.ActiveCfg = Debug|Win32
		{6F47C175-654D-4FB2-9993-9CF3DB216C33}.Debug|x64.ActiveCfg = Debug|x64
		{6F47C175-654D-4FB2-9993-9CF3DB216C33}.Debug|x64.Build.0 = Debug|x64
		{6F47C175-654D-4FB2-9993-9CF3DB216C33}.Debug|x86.ActiveCfg = Debug|Win32
		{6F47C175-654D-4FB2-9993-9CF3DB216C33}.Debug|x86.Build.0 = Debug|Win32
		{6F47C175-654D-4FB2-9993-9CF3DB216C33}.Release|Any CPU.ActiveCfg = Release|Win32
		{6F47C175-654D-4FB2-9993-9CF3DB216C33}.Release|x64.ActiveCfg = Release|x64
		{6F47C175-654D-4FB2-9993-9CF3DB216C33}.Release|x64.Build.0 = Release|x64
		{6F47C175-654D-4FB2-9993-9CF3DB216C33}.Release|x86.ActiveCfg = Release|Win32
		{6F47C175-654D-4FB2-9993-9CF3DB216C33}.Release|x86.Build.0 = Release|Win32
		{80E9ABB4-2983-4B92-BCA4-FC6B646D0608}.Debug|Any CPU.ActiveCfg = Debug|x86
		{80E9ABB4-2983-4B92-BCA4-FC6B646D0608}.Debug|x64.ActiveCfg = Debug|x64
		{80E9ABB4-2983-4B92-BCA4-FC6B646D0608}.Debug|x64.Build.0 = Debug|x64
		{80E9ABB4-2983-4B92-BCA4-FC6B646D0608}.Debug|x86.ActiveCfg = Debug|x86
		{80E9ABB4-2983-4B92-BCA4-FC6B646D0608}.Debug|x86.Build.0 = Debug|x86
		{80E9ABB4-2983-4B92-BCA4-FC6B646D0608}.Release|Any CPU.ActiveCfg = Release|x86
		{80E9ABB4-2983-4B92-BCA4-FC6B646D0608}.Release|x64.ActiveCfg = Release|x64
		{80E9ABB4-2983-4B92-BCA4-FC6B646D0608}.Release|x64.Build.0 = Release|x64
		{80E9ABB4-2983-4B92-BCA4-FC6B646D0608}.Release|x86.ActiveCfg = Release|x86
		{80E9ABB4-2983-4B92-BCA4-FC6B646D0608}.Release|x86.Build.0 = Release|x86
		{7FE021D3-47E9-42CD-9BC5-B99DF3593214}.Debug|Any CPU.ActiveCfg = Debug|Win32
		{7FE021D3-47E9-42CD-9BC5-B99DF3593214}.Debug|x64.ActiveCfg = Debug|x64
		{7FE021D3-47E9-42CD-9BC5-B99DF3593214}.Debug|x64.Build.0 = Debug|x64
		{7FE021D3-47E9-42CD-9BC5-B99DF3593214}.Debug|x86.ActiveCfg = Debug|Win32
		{7FE021D3-47E9-42CD-9BC5-B99DF3593214}.Debug|x86.Build.0 = Debug|Win32
		{7FE021D3-47E9-42CD-9BC5-B99DF3593214}.Release|Any CPU.ActiveCfg = Release|Win32
		{7FE021D3-47E9-42CD-9BC5-B99DF3593214}.Release|x64.ActiveCfg = Release|x64
		{7FE021D3-47E9-42CD-9BC5-B99DF3593214}.Release|x64.Build.0 = Release|x64
		{7FE021D3-47E9-42CD-9BC5-B99DF3593214}.Release|x86.ActiveCfg = Release|Win32
		{7FE021D3-47E9-42CD-9BC5-B99DF3593214}.Release|x86.Build.0 = Release|Win32
	EndGlobalSection
	GlobalSection(SolutionProperties) = preSolution
		HideSolutionNode = FALSE
	EndGlobalSection
	GlobalSection(ExtensibilityGlobals) = postSolution
		SolutionGuid = {431FB3F6-225E-48AE-9D34-33FC3448424B}
	EndGlobalSection
EndGlobal
